
Microsoft Visual Studio Solution File, Format Version 12.00
# Visual Studio 15
VisualStudioVersion = 15.0.28307.168
MinimumVisualStudioVersion = 10.0.40219.1
Project("{9A19103F-16F7-4668-BE54-9A1E7A4F7556}") = "CoreResult", "CoreResult\CoreResult.csproj", "{EA5E1679-5A36-4C54-9E83-0D0A7469B541}"
EndProject
Project("{9A19103F-16F7-4668-BE54-9A1E7A4F7556}") = "RepositoryCore", "..\RepositoryCore\RepositoryCore\RepositoryCore.csproj", "{22DAE9A6-5A46-4977-997C-800A9FB91461}"
EndProject
Project("{FAE04EC0-301F-11D3-BF4B-00C04F79EFBC}") = "CoreClient", "CoreClient\CoreClient.csproj", "{A50DA01B-D63A-4948-A391-D415C738099C}"
EndProject
Project("{2150E333-8FDC-42A3-9474-1A3956D46DE8}") = "CoreServers", "CoreServers", "{CF71BDFA-F82A-494A-82D9-A0B6BFE4E81D}"
EndProject
Project("{FAE04EC0-301F-11D3-BF4B-00C04F79EFBC}") = "CoreServer", "CoreServer\CoreServer.csproj", "{0E0A2C18-EF20-465B-B422-4A1137C6E32F}"
EndProject
Project("{FAE04EC0-301F-11D3-BF4B-00C04F79EFBC}") = "Service", "Service\Service.csproj", "{22E9FE94-D8DF-4658-9DDD-C65EAA1B96BB}"
EndProject
Project("{9A19103F-16F7-4668-BE54-9A1E7A4F7556}") = "LiteRepository", "..\EntityRepository\LiteRepository\LiteRepository.csproj", "{69F0FFE1-F502-41AD-95FB-2FEEED65C11C}"
EndProject
Project("{FAE04EC0-301F-11D3-BF4B-00C04F79EFBC}") = "ClientTest", "ClientTest\ClientTest.csproj", "{91308373-0946-46B5-B02B-1066FB6EF529}"
EndProject
Global
	GlobalSection(SolutionConfigurationPlatforms) = preSolution
		Debug|Any CPU = Debug|Any CPU
		Release|Any CPU = Release|Any CPU
	EndGlobalSection
	GlobalSection(ProjectConfigurationPlatforms) = postSolution
		{EA5E1679-5A36-4C54-9E83-0D0A7469B541}.Debug|Any CPU.ActiveCfg = Debug|Any CPU
		{EA5E1679-5A36-4C54-9E83-0D0A7469B541}.Debug|Any CPU.Build.0 = Debug|Any CPU
		{EA5E1679-5A36-4C54-9E83-0D0A7469B541}.Release|Any CPU.ActiveCfg = Release|Any CPU
		{EA5E1679-5A36-4C54-9E83-0D0A7469B541}.Release|Any CPU.Build.0 = Release|Any CPU
		{22DAE9A6-5A46-4977-997C-800A9FB91461}.Debug|Any CPU.ActiveCfg = Debug|Any CPU
		{22DAE9A6-5A46-4977-997C-800A9FB91461}.Debug|Any CPU.Build.0 = Debug|Any CPU
		{22DAE9A6-5A46-4977-997C-800A9FB91461}.Release|Any CPU.ActiveCfg = Release|Any CPU
		{22DAE9A6-5A46-4977-997C-800A9FB91461}.Release|Any CPU.Build.0 = Release|Any CPU
		{A50DA01B-D63A-4948-A391-D415C738099C}.Debug|Any CPU.ActiveCfg = Debug|Any CPU
		{A50DA01B-D63A-4948-A391-D415C738099C}.Debug|Any CPU.Build.0 = Debug|Any CPU
		{A50DA01B-D63A-4948-A391-D415C738099C}.Release|Any CPU.ActiveCfg = Release|Any CPU
		{A50DA01B-D63A-4948-A391-D415C738099C}.Release|Any CPU.Build.0 = Release|Any CPU
		{0E0A2C18-EF20-465B-B422-4A1137C6E32F}.Debug|Any CPU.ActiveCfg = Debug|Any CPU
		{0E0A2C18-EF20-465B-B422-4A1137C6E32F}.Debug|Any CPU.Build.0 = Debug|Any CPU
		{0E0A2C18-EF20-465B-B422-4A1137C6E32F}.Release|Any CPU.ActiveCfg = Release|Any CPU
		{0E0A2C18-EF20-465B-B422-4A1137C6E32F}.Release|Any CPU.Build.0 = Release|Any CPU
		{22E9FE94-D8DF-4658-9DDD-C65EAA1B96BB}.Debug|Any CPU.ActiveCfg = Debug|Any CPU
		{22E9FE94-D8DF-4658-9DDD-C65EAA1B96BB}.Debug|Any CPU.Build.0 = Debug|Any CPU
		{22E9FE94-D8DF-4658-9DDD-C65EAA1B96BB}.Release|Any CPU.ActiveCfg = Release|Any CPU
		{22E9FE94-D8DF-4658-9DDD-C65EAA1B96BB}.Release|Any CPU.Build.0 = Release|Any CPU
		{69F0FFE1-F502-41AD-95FB-2FEEED65C11C}.Debug|Any CPU.ActiveCfg = Debug|Any CPU
		{69F0FFE1-F502-41AD-95FB-2FEEED65C11C}.Debug|Any CPU.Build.0 = Debug|Any CPU
		{69F0FFE1-F502-41AD-95FB-2FEEED65C11C}.Release|Any CPU.ActiveCfg = Release|Any CPU
		{69F0FFE1-F502-41AD-95FB-2FEEED65C11C}.Release|Any CPU.Build.0 = Release|Any CPU
		{91308373-0946-46B5-B02B-1066FB6EF529}.Debug|Any CPU.ActiveCfg = Debug|Any CPU
		{91308373-0946-46B5-B02B-1066FB6EF529}.Debug|Any CPU.Build.0 = Debug|Any CPU
		{91308373-0946-46B5-B02B-1066FB6EF529}.Release|Any CPU.ActiveCfg = Release|Any CPU
		{91308373-0946-46B5-B02B-1066FB6EF529}.Release|Any CPU.Build.0 = Release|Any CPU
	EndGlobalSection
	GlobalSection(SolutionProperties) = preSolution
		HideSolutionNode = FALSE
	EndGlobalSection
	GlobalSection(NestedProjects) = preSolution
		{0E0A2C18-EF20-465B-B422-4A1137C6E32F} = {CF71BDFA-F82A-494A-82D9-A0B6BFE4E81D}
		{22E9FE94-D8DF-4658-9DDD-C65EAA1B96BB} = {CF71BDFA-F82A-494A-82D9-A0B6BFE4E81D}
		{91308373-0946-46B5-B02B-1066FB6EF529} = {CF71BDFA-F82A-494A-82D9-A0B6BFE4E81D}
	EndGlobalSection
	GlobalSection(ExtensibilityGlobals) = postSolution
		SolutionGuid = {D426E6AD-5EDE-4FE5-B404-A849F02638FB}
	EndGlobalSection
EndGlobal
